# Windows CPython 3.12 build lock. Hashes correspond to the selected wheels.
altgraph==0.17.5 --hash=sha256:f3a22400bce1b0c701683820ac4f3b159cd301acab067c51c653e06961600597
ftfy==6.3.1 --hash=sha256:7c70eb532015cd2f9adb53f101fb6c7945988d023a085d127d1573dc49dd0083
packaging==26.2 --hash=sha256:5fc45236b9446107ff2415ce77c807cee2862cb6fac22b8a73826d0693b0980e
pefile==2024.8.26 --hash=sha256:76f8b485dcd3b1bb8166f1128d395fa3d87af26360c2358fb75b80019b957c6f
pillow==12.2.0 --hash=sha256:7f84204dee22a783350679a0333981df803dac21a0190d706a50475e361c93f5
pyinstaller==6.21.0 --hash=sha256:7fae06c494ce0ebfe6bd3055c0e409def884f63af2e3705d06bd431ad9237fc7
pyinstaller-hooks-contrib==2026.6 --hash=sha256:fd13b8ac126b35361175edacd41a0d97080b75dd5f4b594ecefefff969509dd3
pypdf==6.13.2 --hash=sha256:6eeb9e57693f29d41bd01255d02660cbbb41fd7fc818a982677389a35e4f2083
pypdfium2==5.9.0 --hash=sha256:06508c33b9772cf3878e48364c6e14c70cefc18a3abd6983ac9f338da9305275
pywin32-ctypes==0.2.3 --hash=sha256:8a1513379d709975552d202d942d9837758905c8d01eb82b8bcc30918929e7b8
setuptools==81.0.0 --hash=sha256:fdd925d5c5d9f62e4b74b30d6dd7828ce236fd6ed998a08d81de62ce5a6310d6
wcwidth==0.7.0 --hash=sha256:5d69154c429a82910e241c738cd0e2976fac8a2dd47a1a805f4afed1c0f136f2
